
Microsoft Visual Studio Solution File, Format Version 12.00
# Visual Studio Version 17
VisualStudioVersion = 17.11.35208.52
MinimumVisualStudioVersion = 10.0.40219.1
Project("{FAE04EC0-301F-11D3-BF4B-00C04F79EFBC}") = "ToDo", "ToDo.csproj", "{4ED26F26-705F-4DDC-A27E-42824939712A}"
EndProject
Global
	GlobalSection(SolutionConfigurationPlatforms) = preSolution
		Debug|Any CPU = Debug|Any CPU
		Release|Any CPU = Release|Any CPU
	EndGlobalSection
	GlobalSection(ProjectConfigurationPlatforms) = postSolution
		{4ED26F26-705F-4DDC-A27E-42824939712A}.Debug|Any CPU.ActiveCfg = Debug|Any CPU
		{4ED26F26-705F-4DDC-A27E-42824939712A}.Debug|Any CPU.Build.0 = Debug|Any CPU
		{4ED26F26-705F-4DDC-A27E-42824939712A}.Release|Any CPU.ActiveCfg = Release|Any CPU
		{4ED26F26-705F-4DDC-A27E-42824939712A}.Release|Any CPU.Build.0 = Release|Any CPU
	EndGlobalSection
	GlobalSection(SolutionProperties) = preSolution
		HideSolutionNode = FALSE
	EndGlobalSection
	GlobalSection(ExtensibilityGlobals) = postSolution
		SolutionGuid = {F87CA29C-F4A6-4FE6-9514-D3DF93DEE942}
	EndGlobalSection
EndGlobal
