
Microsoft Visual Studio Solution File, Format Version 12.00
# Visual Studio Version 17
VisualStudioVersion = 17.10.35013.160
MinimumVisualStudioVersion = 10.0.40219.1
Project("{FAE04EC0-301F-11D3-BF4B-00C04F79EFBC}") = "ApiFirst", "ApiFirst.csproj", "{F3BD1229-AE66-4546-8399-4141B80E970D}"
EndProject
Global
	GlobalSection(SolutionConfigurationPlatforms) = preSolution
		Debug|Any CPU = Debug|Any CPU
		Release|Any CPU = Release|Any CPU
	EndGlobalSection
	GlobalSection(ProjectConfigurationPlatforms) = postSolution
		{F3BD1229-AE66-4546-8399-4141B80E970D}.Debug|Any CPU.ActiveCfg = Debug|Any CPU
		{F3BD1229-AE66-4546-8399-4141B80E970D}.Debug|Any CPU.Build.0 = Debug|Any CPU
		{F3BD1229-AE66-4546-8399-4141B80E970D}.Release|Any CPU.ActiveCfg = Release|Any CPU
		{F3BD1229-AE66-4546-8399-4141B80E970D}.Release|Any CPU.Build.0 = Release|Any CPU
	EndGlobalSection
	GlobalSection(SolutionProperties) = preSolution
		HideSolutionNode = FALSE
	EndGlobalSection
	GlobalSection(ExtensibilityGlobals) = postSolution
		SolutionGuid = {5BEFB405-2768-4620-A716-79FA5CEF5DCF}
	EndGlobalSection
EndGlobal
